{
  "name": "tsiram-422",
  "version": "0.0.1",
  "lockfileVersion": 1,
  "requires": true,
  "dependencies": {
    "@types/jquery": {
      "version": "3.5.4",
      "resolved": "https://registry.npmjs.org/@types/jquery/-/jquery-3.5.4.tgz",
      "integrity": "sha512-//9CHhaUt/rurMJTxGI+I6DmsNHgYU6d8aSLFfO5dB7+10lwLnaWT0z5GY/yY82Q/M+B+0Qh3TixlJ8vmBeqIw==",
      "dev": true,
      "requires": {
        "@types/sizzle": "*"
      }
    },
    "@types/node": {
      "version": "13.13.32",
      "resolved": "https://registry.npmjs.org/@types/node/-/node-13.13.32.tgz",
      "integrity": "sha512-sPBvDnrwZE1uePhkCEyI/qQlgZM5kePPAhHIFDWNsOrWBFRBOk3LKJYmVCLeLZlL9Ub/FzMJb31OTWCg2F+06g==",
      "dev": true
    },
    "@types/sizzle": {
      "version": "2.3.2",
      "resolved": "https://registry.npmjs.org/@types/sizzle/-/sizzle-2.3.2.tgz",
      "integrity": "sha512-7EJYyKTL7tFR8+gDbB6Wwz/arpGa0Mywk1TJbNzKzHtzbwVmY4HR9WqS5VV7dsBUKQmPNr192jHr/VpBluj/hg==",
      "dev": true
    },
    "colors": {
      "version": "1.4.0",
      "resolved": "https://registry.npmjs.org/colors/-/colors-1.4.0.tgz",
      "integrity": "sha512-a+UqTh4kgZg/SlGvfbzDHpgRu7AAQOmmqRHJnxhRZICKFUT91brVhNNt58CMWU9PsBbv3PDCZUHbVxuDiH2mtA=="
    },
    "javascript-priority-queue": {
      "version": "1.0.0",
      "resolved": "https://registry.npmjs.org/javascript-priority-queue/-/javascript-priority-queue-1.0.0.tgz",
      "integrity": "sha512-tqkAgEvWwpHkN7JXokJC9q1ixnGwert75CY+w9ifezifORbZ0GL52hRmbZwhfi1mSMFWs12khXdhf7OlNuaHOQ=="
    },
    "jquery": {
      "version": "3.5.1",
      "resolved": "https://registry.npmjs.org/jquery/-/jquery-3.5.1.tgz",
      "integrity": "sha512-XwIBPqcMn57FxfT+Go5pzySnm4KWkT1Tv7gjrpT1srtf8Weynl6R273VJ5GjkRb51IzMp5nbaPjJXMWeju2MKg=="
    },
    "node-fetch": {
      "version": "2.6.1",
      "resolved": "https://registry.npmjs.org/node-fetch/-/node-fetch-2.6.1.tgz",
      "integrity": "sha512-V4aYg89jEoVRxRb2fJdAg8FHvI7cEyYdVAh94HH0UIK8oJxUfkjlDQN9RbMx+bEjP7+ggMiFRprSti032Oipxw=="
    },
    "typescript": {
      "version": "3.9.7",
      "resolved": "https://registry.npmjs.org/typescript/-/typescript-3.9.7.tgz",
      "integrity": "sha512-BLbiRkiBzAwsjut4x/dsibSTB6yWpwT5qWmC2OfuCg3GgVQCSgMs4vEctYPhsaGtd0AeuuHMkjZ2h2WG8MSzRw=="
    }
  }
}
